// !$*UTF8*$!
{
	archiveVersion = 1;
	classes = {
	};
	objectVersion = 46;
	objects = {

/* Begin PBXBuildFile section */
		7F1D271A19936523009CDB78 /* DetailViewController.m in Sources */ = {isa = PBXBuildFile; fileRef = 7F1D271919936523009CDB78 /* DetailViewController.m */; };
		7F1D271D19936859009CDB78 /* TabBarViewController.m in Sources */ = {isa = PBXBuildFile; fileRef = 7F1D271C19936859009CDB78 /* TabBarViewController.m */; };
		7F5FEECF19920167005AD423 /* Item1ViewController.m in Sources */ = {isa = PBXBuildFile; fileRef = 7F5FEECE19920167005AD423 /* Item1ViewController.m */; };
		7F5FEED219920174005AD423 /* Item3ViewController.m in Sources */ = {isa = PBXBuildFile; fileRef = 7F5FEED119920174005AD423 /* Item3ViewController.m */; };
		7F5FEED519920181005AD423 /* Item4ViewController.m in Sources */ = {isa = PBXBuildFile; fileRef = 7F5FEED419920181005AD423 /* Item4ViewController.m */; };
		7F5FEED819920FE9005AD423 /* ModelViewController.m in Sources */ = {isa = PBXBuildFile; fileRef = 7F5FEED719920FE9005AD423 /* ModelViewController.m */; };
		7F8604D719906D4500A073B8 /* Foundation.framework in Frameworks */ = {isa = PBXBuildFile; fileRef = 7F8604D619906D4500A073B8 /* Foundation.framework */; };
		7F8604D919906D4500A073B8 /* CoreGraphics.framework in Frameworks */ = {isa = PBXBuildFile; fileRef = 7F8604D819906D4500A073B8 /* CoreGraphics.framework */; };
		7F8604DB19906D4500A073B8 /* UIKit.framework in Frameworks */ = {isa = PBXBuildFile; fileRef = 7F8604DA19906D4500A073B8 /* UIKit.framework */; };
		7F8604E119906D4500A073B8 /* InfoPlist.strings in Resources */ = {isa = PBXBuildFile; fileRef = 7F8604DF19906D4500A073B8 /* InfoPlist.strings */; };
		7F8604E319906D4500A073B8 /* main.m in Sources */ = {isa = PBXBuildFile; fileRef = 7F8604E219906D4500A073B8 /* main.m */; };
		7F8604E719906D4500A073B8 /* AppDelegate.m in Sources */ = {isa = PBXBuildFile; fileRef = 7F8604E619906D4500A073B8 /* AppDelegate.m */; };
		7F8604EA19906D4500A073B8 /* Main.storyboard in Resources */ = {isa = PBXBuildFile; fileRef = 7F8604E819906D4500A073B8 /* Main.storyboard */; };
		7F8604ED19906D4500A073B8 /* ViewController.m in Sources */ = {isa = PBXBuildFile; fileRef = 7F8604EC19906D4500A073B8 /* ViewController.m */; };
		7F8604EF19906D4500A073B8 /* Images.xcassets in Resources */ = {isa = PBXBuildFile; fileRef = 7F8604EE19906D4500A073B8 /* Images.xcassets */; };
		7F8604F619906D4500A073B8 /* XCTest.framework in Frameworks */ = {isa = PBXBuildFile; fileRef = 7F8604F519906D4500A073B8 /* XCTest.framework */; };
		7F8604F719906D4500A073B8 /* Foundation.framework in Frameworks */ = {isa = PBXBuildFile; fileRef = 7F8604D619906D4500A073B8 /* Foundation.framework */; };
		7F8604F819906D4500A073B8 /* UIKit.framework in Frameworks */ = {isa = PBXBuildFile; fileRef = 7F8604DA19906D4500A073B8 /* UIKit.framework */; };
		7F86050019906D4500A073B8 /* InfoPlist.strings in Resources */ = {isa = PBXBuildFile; fileRef = 7F8604FE19906D4500A073B8 /* InfoPlist.strings */; };
		7F86050219906D4500A073B8 /* StoreBoardDemoTests.m in Sources */ = {isa = PBXBuildFile; fileRef = 7F86050119906D4500A073B8 /* StoreBoardDemoTests.m */; };
		7F8605141990B73400A073B8 /* icon_alert_failure.png in Resources */ = {isa = PBXBuildFile; fileRef = 7F86050F1990B73400A073B8 /* icon_alert_failure.png */; };
		7F8605151990B73400A073B8 /* icon_alert_infor.png in Resources */ = {isa = PBXBuildFile; fileRef = 7F8605101990B73400A073B8 /* icon_alert_infor.png */; };
		7F8605161990B73400A073B8 /* icon_alert_question.png in Resources */ = {isa = PBXBuildFile; fileRef = 7F8605111990B73400A073B8 /* icon_alert_question.png */; };
		7F8605171990B73400A073B8 /* icon_alert_success.png in Resources */ = {isa = PBXBuildFile; fileRef = 7F8605121990B73400A073B8 /* icon_alert_success.png */; };
		7F8605181990B73400A073B8 /* icon_alert_warning.png in Resources */ = {isa = PBXBuildFile; fileRef = 7F8605131990B73400A073B8 /* icon_alert_warning.png */; };
		7F86051B1990BCD300A073B8 /* Item2ViewController.m in Sources */ = {isa = PBXBuildFile; fileRef = 7F86051A1990BCD300A073B8 /* Item2ViewController.m */; };
/* End PBXBuildFile section */

/* Begin PBXContainerItemProxy section */
		7F8604F919906D4500A073B8 /* PBXContainerItemProxy */ = {
			isa = PBXContainerItemProxy;
			containerPortal = 7F8604CB19906D4500A073B8 /* Project object */;
			proxyType = 1;
			remoteGlobalIDString = 7F8604D219906D4500A073B8;
			remoteInfo = StoreBoardDemo;
		};
/* End PBXContainerItemProxy section */

/* Begin PBXFileReference section */
		7F1D271819936523009CDB78 /* DetailViewController.h */ = {isa = PBXFileReference; fileEncoding = 4; lastKnownFileType = sourcecode.c.h; path = DetailViewController.h; sourceTree = "<group>"; };
		7F1D271919936523009CDB78 /* DetailViewController.m */ = {isa = PBXFileReference; fileEncoding = 4; lastKnownFileType = sourcecode.c.objc; path = DetailViewController.m; sourceTree = "<group>"; };
		7F1D271B19936859009CDB78 /* TabBarViewController.h */ = {isa = PBXFileReference; fileEncoding = 4; lastKnownFileType = sourcecode.c.h; path = TabBarViewController.h; sourceTree = "<group>"; };
		7F1D271C19936859009CDB78 /* TabBarViewController.m */ = {isa = PBXFileReference; fileEncoding = 4; lastKnownFileType = sourcecode.c.objc; path = TabBarViewController.m; sourceTree = "<group>"; };
		7F5FEECD19920167005AD423 /* Item1ViewController.h */ = {isa = PBXFileReference; fileEncoding = 4; lastKnownFileType = sourcecode.c.h; path = Item1ViewController.h; sourceTree = "<group>"; };
		7F5FEECE19920167005AD423 /* Item1ViewController.m */ = {isa = PBXFileReference; fileEncoding = 4; lastKnownFileType = sourcecode.c.objc; path = Item1ViewController.m; sourceTree = "<group>"; };
		7F5FEED019920174005AD423 /* Item3ViewController.h */ = {isa = PBXFileReference; fileEncoding = 4; lastKnownFileType = sourcecode.c.h; path = Item3ViewController.h; sourceTree = "<group>"; };
		7F5FEED119920174005AD423 /* Item3ViewController.m */ = {isa = PBXFileReference; fileEncoding = 4; lastKnownFileType = sourcecode.c.objc; path = Item3ViewController.m; sourceTree = "<group>"; };
		7F5FEED319920181005AD423 /* Item4ViewController.h */ = {isa = PBXFileReference; fileEncoding = 4; lastKnownFileType = sourcecode.c.h; path = Item4ViewController.h; sourceTree = "<group>"; };
		7F5FEED419920181005AD423 /* Item4ViewController.m */ = {isa = PBXFileReference; fileEncoding = 4; lastKnownFileType = sourcecode.c.objc; path = Item4ViewController.m; sourceTree = "<group>"; };
		7F5FEED619920FE9005AD423 /* ModelViewController.h */ = {isa = PBXFileReference; fileEncoding = 4; lastKnownFileType = sourcecode.c.h; path = ModelViewController.h; sourceTree = "<group>"; };
		7F5FEED719920FE9005AD423 /* ModelViewController.m */ = {isa = PBXFileReference; fileEncoding = 4; lastKnownFileType = sourcecode.c.objc; path = ModelViewController.m; sourceTree = "<group>"; };
		7F8604D319906D4500A073B8 /* StoreBoardDemo.app */ = {isa = PBXFileReference; explicitFileType = wrapper.application; includeInIndex = 0; path = StoreBoardDemo.app; sourceTree = BUILT_PRODUCTS_DIR; };
		7F8604D619906D4500A073B8 /* Foundation.framework */ = {isa = PBXFileReference; lastKnownFileType = wrapper.framework; name = Foundation.framework; path = System/Library/Frameworks/Foundation.framework; sourceTree = SDKROOT; };
		7F8604D819906D4500A073B8 /* CoreGraphics.framework */ = {isa = PBXFileReference; lastKnownFileType = wrapper.framework; name = CoreGraphics.framework; path = System/Library/Frameworks/CoreGraphics.framework; sourceTree = SDKROOT; };
		7F8604DA19906D4500A073B8 /* UIKit.framework */ = {isa = PBXFileReference; lastKnownFileType = wrapper.framework; name = UIKit.framework; path = System/Library/Frameworks/UIKit.framework; sourceTree = SDKROOT; };
		7F8604DE19906D4500A073B8 /* StoreBoardDemo-Info.plist */ = {isa = PBXFileReference; lastKnownFileType = text.plist.xml; path = "StoreBoardDemo-Info.plist"; sourceTree = "<group>"; };
		7F8604E019906D4500A073B8 /* en */ = {isa = PBXFileReference; lastKnownFileType = text.plist.strings; name = en; path = en.lproj/InfoPlist.strings; sourceTree = "<group>"; };
		7F8604E219906D4500A073B8 /* main.m */ = {isa = PBXFileReference; lastKnownFileType = sourcecode.c.objc; path = main.m; sourceTree = "<group>"; };
		7F8604E419906D4500A073B8 /* StoreBoardDemo-Prefix.pch */ = {isa = PBXFileReference; lastKnownFileType = sourcecode.c.h; path = "StoreBoardDemo-Prefix.pch"; sourceTree = "<group>"; };
		7F8604E519906D4500A073B8 /* AppDelegate.h */ = {isa = PBXFileReference; lastKnownFileType = sourcecode.c.h; path = AppDelegate.h; sourceTree = "<group>"; };
		7F8604E619906D4500A073B8 /* AppDelegate.m */ = {isa = PBXFileReference; lastKnownFileType = sourcecode.c.objc; path = AppDelegate.m; sourceTree = "<group>"; };
		7F8604E919906D4500A073B8 /* Base */ = {isa = PBXFileReference; lastKnownFileType = file.storyboard; name = Base; path = Base.lproj/Main.storyboard; sourceTree = "<group>"; };
		7F8604EB19906D4500A073B8 /* ViewController.h */ = {isa = PBXFileReference; lastKnownFileType = sourcecode.c.h; path = ViewController.h; sourceTree = "<group>"; };
		7F8604EC19906D4500A073B8 /* ViewController.m */ = {isa = PBXFileReference; lastKnownFileType = sourcecode.c.objc; path = ViewController.m; sourceTree = "<group>"; };
		7F8604EE19906D4500A073B8 /* Images.xcassets */ = {isa = PBXFileReference; lastKnownFileType = folder.assetcatalog; path = Images.xcassets; sourceTree = "<group>"; };
		7F8604F419906D4500A073B8 /* StoreBoardDemoTests.xctest */ = {isa = PBXFileReference; explicitFileType = wrapper.cfbundle; includeInIndex = 0; path = StoreBoardDemoTests.xctest; sourceTree = BUILT_PRODUCTS_DIR; };
		7F8604F519906D4500A073B8 /* XCTest.framework */ = {isa = PBXFileReference; lastKnownFileType = wrapper.framework; name = XCTest.framework; path = Library/Frameworks/XCTest.framework; sourceTree = DEVELOPER_DIR; };
		7F8604FD19906D4500A073B8 /* StoreBoardDemoTests-Info.plist */ = {isa = PBXFileReference; lastKnownFileType = text.plist.xml; path = "StoreBoardDemoTests-Info.plist"; sourceTree = "<group>"; };
		7F8604FF19906D4500A073B8 /* en */ = {isa = PBXFileReference; lastKnownFileType = text.plist.strings; name = en; path = en.lproj/InfoPlist.strings; sourceTree = "<group>"; };
		7F86050119906D4500A073B8 /* StoreBoardDemoTests.m */ = {isa = PBXFileReference; lastKnownFileType = sourcecode.c.objc; path = StoreBoardDemoTests.m; sourceTree = "<group>"; };
		7F86050F1990B73400A073B8 /* icon_alert_failure.png */ = {isa = PBXFileReference; lastKnownFileType = image.png; path = icon_alert_failure.png; sourceTree = "<group>"; };
		7F8605101990B73400A073B8 /* icon_alert_infor.png */ = {isa = PBXFileReference; lastKnownFileType = image.png; path = icon_alert_infor.png; sourceTree = "<group>"; };
		7F8605111990B73400A073B8 /* icon_alert_question.png */ = {isa = PBXFileReference; lastKnownFileType = image.png; path = icon_alert_question.png; sourceTree = "<group>"; };
		7F8605121990B73400A073B8 /* icon_alert_success.png */ = {isa = PBXFileReference; lastKnownFileType = image.png; path = icon_alert_success.png; sourceTree = "<group>"; };
		7F8605131990B73400A073B8 /* icon_alert_warning.png */ = {isa = PBXFileReference; lastKnownFileType = image.png; path = icon_alert_warning.png; sourceTree = "<group>"; };
		7F8605191990BCD300A073B8 /* Item2ViewController.h */ = {isa = PBXFileReference; fileEncoding = 4; lastKnownFileType = sourcecode.c.h; path = Item2ViewController.h; sourceTree = "<group>"; };
		7F86051A1990BCD300A073B8 /* Item2ViewController.m */ = {isa = PBXFileReference; fileEncoding = 4; lastKnownFileType = sourcecode.c.objc; path = Item2ViewController.m; sourceTree = "<group>"; };
/* End PBXFileReference section */

/* Begin PBXFrameworksBuildPhase section */
		7F8604D019906D4500A073B8 /* Frameworks */ = {
			isa = PBXFrameworksBuildPhase;
			buildActionMask = 2147483647;
			files = (
				7F8604D919906D4500A073B8 /* CoreGraphics.framework in Frameworks */,
				7F8604DB19906D4500A073B8 /* UIKit.framework in Frameworks */,
				7F8604D719906D4500A073B8 /* Foundation.framework in Frameworks */,
			);
			runOnlyForDeploymentPostprocessing = 0;
		};
		7F8604F119906D4500A073B8 /* Frameworks */ = {
			isa = PBXFrameworksBuildPhase;
			buildActionMask = 2147483647;
			files = (
				7F8604F619906D4500A073B8 /* XCTest.framework in Frameworks */,
				7F8604F819906D4500A073B8 /* UIKit.framework in Frameworks */,
				7F8604F719906D4500A073B8 /* Foundation.framework in Frameworks */,
			);
			runOnlyForDeploymentPostprocessing = 0;
		};
/* End PBXFrameworksBuildPhase section */

/* Begin PBXGroup section */
		7F8604CA19906D4500A073B8 = {
			isa = PBXGroup;
			children = (
				7F8604DC19906D4500A073B8 /* StoreBoardDemo */,
				7F8604FB19906D4500A073B8 /* StoreBoardDemoTests */,
				7F8604D519906D4500A073B8 /* Frameworks */,
				7F8604D419906D4500A073B8 /* Products */,
			);
			sourceTree = "<group>";
		};
		7F8604D419906D4500A073B8 /* Products */ = {
			isa = PBXGroup;
			children = (
				7F8604D319906D4500A073B8 /* StoreBoardDemo.app */,
				7F8604F419906D4500A073B8 /* StoreBoardDemoTests.xctest */,
			);
			name = Products;
			sourceTree = "<group>";
		};
		7F8604D519906D4500A073B8 /* Frameworks */ = {
			isa = PBXGroup;
			children = (
				7F8604D619906D4500A073B8 /* Foundation.framework */,
				7F8604D819906D4500A073B8 /* CoreGraphics.framework */,
				7F8604DA19906D4500A073B8 /* UIKit.framework */,
				7F8604F519906D4500A073B8 /* XCTest.framework */,
			);
			name = Frameworks;
			sourceTree = "<group>";
		};
		7F8604DC19906D4500A073B8 /* StoreBoardDemo */ = {
			isa = PBXGroup;
			children = (
				7F86050F1990B73400A073B8 /* icon_alert_failure.png */,
				7F8605101990B73400A073B8 /* icon_alert_infor.png */,
				7F8605111990B73400A073B8 /* icon_alert_question.png */,
				7F8605121990B73400A073B8 /* icon_alert_success.png */,
				7F8605131990B73400A073B8 /* icon_alert_warning.png */,
				7F8604E519906D4500A073B8 /* AppDelegate.h */,
				7F8604E619906D4500A073B8 /* AppDelegate.m */,
				7F8604E819906D4500A073B8 /* Main.storyboard */,
				7F8604EB19906D4500A073B8 /* ViewController.h */,
				7F8604EC19906D4500A073B8 /* ViewController.m */,
				7F8604EE19906D4500A073B8 /* Images.xcassets */,
				7F8604DD19906D4500A073B8 /* Supporting Files */,
				7F8605191990BCD300A073B8 /* Item2ViewController.h */,
				7F86051A1990BCD300A073B8 /* Item2ViewController.m */,
				7F5FEECD19920167005AD423 /* Item1ViewController.h */,
				7F5FEECE19920167005AD423 /* Item1ViewController.m */,
				7F5FEED019920174005AD423 /* Item3ViewController.h */,
				7F5FEED119920174005AD423 /* Item3ViewController.m */,
				7F5FEED319920181005AD423 /* Item4ViewController.h */,
				7F5FEED419920181005AD423 /* Item4ViewController.m */,
				7F5FEED619920FE9005AD423 /* ModelViewController.h */,
				7F5FEED719920FE9005AD423 /* ModelViewController.m */,
				7F1D271819936523009CDB78 /* DetailViewController.h */,
				7F1D271919936523009CDB78 /* DetailViewController.m */,
				7F1D271B19936859009CDB78 /* TabBarViewController.h */,
				7F1D271C19936859009CDB78 /* TabBarViewController.m */,
			);
			path = StoreBoardDemo;
			sourceTree = "<group>";
		};
		7F8604DD19906D4500A073B8 /* Supporting Files */ = {
			isa = PBXGroup;
			children = (
				7F8604DE19906D4500A073B8 /* StoreBoardDemo-Info.plist */,
				7F8604DF19906D4500A073B8 /* InfoPlist.strings */,
				7F8604E219906D4500A073B8 /* main.m */,
				7F8604E419906D4500A073B8 /* StoreBoardDemo-Prefix.pch */,
			);
			name = "Supporting Files";
			sourceTree = "<group>";
		};
		7F8604FB19906D4500A073B8 /* StoreBoardDemoTests */ = {
			isa = PBXGroup;
			children = (
				7F86050119906D4500A073B8 /* StoreBoardDemoTests.m */,
				7F8604FC19906D4500A073B8 /* Supporting Files */,
			);
			path = StoreBoardDemoTests;
			sourceTree = "<group>";
		};
		7F8604FC19906D4500A073B8 /* Supporting Files */ = {
			isa = PBXGroup;
			children = (
				7F8604FD19906D4500A073B8 /* StoreBoardDemoTests-Info.plist */,
				7F8604FE19906D4500A073B8 /* InfoPlist.strings */,
			);
			name = "Supporting Files";
			sourceTree = "<group>";
		};
/* End PBXGroup section */

/* Begin PBXNativeTarget section */
		7F8604D219906D4500A073B8 /* StoreBoardDemo */ = {
			isa = PBXNativeTarget;
			buildConfigurationList = 7F86050519906D4500A073B8 /* Build configuration list for PBXNativeTarget "StoreBoardDemo" */;
			buildPhases = (
				7F8604CF19906D4500A073B8 /* Sources */,
				7F8604D019906D4500A073B8 /* Frameworks */,
				7F8604D119906D4500A073B8 /* Resources */,
			);
			buildRules = (
			);
			dependencies = (
			);
			name = StoreBoardDemo;
			productName = StoreBoardDemo;
			productReference = 7F8604D319906D4500A073B8 /* StoreBoardDemo.app */;
			productType = "com.apple.product-type.application";
		};
		7F8604F319906D4500A073B8 /* StoreBoardDemoTests */ = {
			isa = PBXNativeTarget;
			buildConfigurationList = 7F86050819906D4500A073B8 /* Build configuration list for PBXNativeTarget "StoreBoardDemoTests" */;
			buildPhases = (
				7F8604F019906D4500A073B8 /* Sources */,
				7F8604F119906D4500A073B8 /* Frameworks */,
				7F8604F219906D4500A073B8 /* Resources */,
			);
			buildRules = (
			);
			dependencies = (
				7F8604FA19906D4500A073B8 /* PBXTargetDependency */,
			);
			name = StoreBoardDemoTests;
			productName = StoreBoardDemoTests;
			productReference = 7F8604F419906D4500A073B8 /* StoreBoardDemoTests.xctest */;
			productType = "com.apple.product-type.bundle.unit-test";
		};
/* End PBXNativeTarget section */

/* Begin PBXProject section */
		7F8604CB19906D4500A073B8 /* Project object */ = {
			isa = PBXProject;
			attributes = {
				LastUpgradeCheck = 0510;
				ORGANIZATIONNAME = Demo;
				TargetAttributes = {
					7F8604F319906D4500A073B8 = {
						TestTargetID = 7F8604D219906D4500A073B8;
					};
				};
			};
			buildConfigurationList = 7F8604CE19906D4500A073B8 /* Build configuration list for PBXProject "StoreBoardDemo" */;
			compatibilityVersion = "Xcode 3.2";
			developmentRegion = English;
			hasScannedForEncodings = 0;
			knownRegions = (
				en,
				Base,
			);
			mainGroup = 7F8604CA19906D4500A073B8;
			productRefGroup = 7F8604D419906D4500A073B8 /* Products */;
			projectDirPath = "";
			projectRoot = "";
			targets = (
				7F8604D219906D4500A073B8 /* StoreBoardDemo */,
				7F8604F319906D4500A073B8 /* StoreBoardDemoTests */,
			);
		};
/* End PBXProject section */

/* Begin PBXResourcesBuildPhase section */
		7F8604D119906D4500A073B8 /* Resources */ = {
			isa = PBXResourcesBuildPhase;
			buildActionMask = 2147483647;
			files = (
				7F8605171990B73400A073B8 /* icon_alert_success.png in Resources */,
				7F8605141990B73400A073B8 /* icon_alert_failure.png in Resources */,
				7F8604EF19906D4500A073B8 /* Images.xcassets in Resources */,
				7F8604E119906D4500A073B8 /* InfoPlist.strings in Resources */,
				7F8604EA19906D4500A073B8 /* Main.storyboard in Resources */,
				7F8605151990B73400A073B8 /* icon_alert_infor.png in Resources */,
				7F8605181990B73400A073B8 /* icon_alert_warning.png in Resources */,
				7F8605161990B73400A073B8 /* icon_alert_question.png in Resources */,
			);
			runOnlyForDeploymentPostprocessing = 0;
		};
		7F8604F219906D4500A073B8 /* Resources */ = {
			isa = PBXResourcesBuildPhase;
			buildActionMask = 2147483647;
			files = (
				7F86050019906D4500A073B8 /* InfoPlist.strings in Resources */,
			);
			runOnlyForDeploymentPostprocessing = 0;
		};
/* End PBXResourcesBuildPhase section */

/* Begin PBXSourcesBuildPhase section */
		7F8604CF19906D4500A073B8 /* Sources */ = {
			isa = PBXSourcesBuildPhase;
			buildActionMask = 2147483647;
			files = (
				7F1D271D19936859009CDB78 /* TabBarViewController.m in Sources */,
				7F5FEED819920FE9005AD423 /* ModelViewController.m in Sources */,
				7F86051B1990BCD300A073B8 /* Item2ViewController.m in Sources */,
				7F1D271A19936523009CDB78 /* DetailViewController.m in Sources */,
				7F8604ED19906D4500A073B8 /* ViewController.m in Sources */,
				7F5FEECF19920167005AD423 /* Item1ViewController.m in Sources */,
				7F5FEED519920181005AD423 /* Item4ViewController.m in Sources */,
				7F5FEED219920174005AD423 /* Item3ViewController.m in Sources */,
				7F8604E719906D4500A073B8 /* AppDelegate.m in Sources */,
				7F8604E319906D4500A073B8 /* main.m in Sources */,
			);
			runOnlyForDeploymentPostprocessing = 0;
		};
		7F8604F019906D4500A073B8 /* Sources */ = {
			isa = PBXSourcesBuildPhase;
			buildActionMask = 2147483647;
			files = (
				7F86050219906D4500A073B8 /* StoreBoardDemoTests.m in Sources */,
			);
			runOnlyForDeploymentPostprocessing = 0;
		};
/* End PBXSourcesBuildPhase section */

/* Begin PBXTargetDependency section */
		7F8604FA19906D4500A073B8 /* PBXTargetDependency */ = {
			isa = PBXTargetDependency;
			target = 7F8604D219906D4500A073B8 /* StoreBoardDemo */;
			targetProxy = 7F8604F919906D4500A073B8 /* PBXContainerItemProxy */;
		};
/* End PBXTargetDependency section */

/* Begin PBXVariantGroup section */
		7F8604DF19906D4500A073B8 /* InfoPlist.strings */ = {
			isa = PBXVariantGroup;
			children = (
				7F8604E019906D4500A073B8 /* en */,
			);
			name = InfoPlist.strings;
			sourceTree = "<group>";
		};
		7F8604E819906D4500A073B8 /* Main.storyboard */ = {
			isa = PBXVariantGroup;
			children = (
				7F8604E919906D4500A073B8 /* Base */,
			);
			name = Main.storyboard;
			sourceTree = "<group>";
		};
		7F8604FE19906D4500A073B8 /* InfoPlist.strings */ = {
			isa = PBXVariantGroup;
			children = (
				7F8604FF19906D4500A073B8 /* en */,
			);
			name = InfoPlist.strings;
			sourceTree = "<group>";
		};
/* End PBXVariantGroup section */

/* Begin XCBuildConfiguration section */
		7F86050319906D4500A073B8 /* Debug */ = {
			isa = XCBuildConfiguration;
			buildSettings = {
				ALWAYS_SEARCH_USER_PATHS = NO;
				CLANG_CXX_LANGUAGE_STANDARD = "gnu++0x";
				CLANG_CXX_LIBRARY = "libc++";
				CLANG_ENABLE_MODULES = YES;
				CLANG_ENABLE_OBJC_ARC = YES;
				CLANG_WARN_BOOL_CONVERSION = YES;
				CLANG_WARN_CONSTANT_CONVERSION = YES;
				CLANG_WARN_DIRECT_OBJC_ISA_USAGE = YES_ERROR;
				CLANG_WARN_EMPTY_BODY = YES;
				CLANG_WARN_ENUM_CONVERSION = YES;
				CLANG_WARN_INT_CONVERSION = YES;
				CLANG_WARN_OBJC_ROOT_CLASS = YES_ERROR;
				CLANG_WARN__DUPLICATE_METHOD_MATCH = YES;
				"CODE_SIGN_IDENTITY[sdk=iphoneos*]" = "iPhone Developer";
				COPY_PHASE_STRIP = NO;
				GCC_C_LANGUAGE_STANDARD = gnu99;
				GCC_DYNAMIC_NO_PIC = NO;
				GCC_OPTIMIZATION_LEVEL = 0;
				GCC_PREPROCESSOR_DEFINITIONS = (
					"DEBUG=1",
					"$(inherited)",
				);
				GCC_SYMBOLS_PRIVATE_EXTERN = NO;
				GCC_WARN_64_TO_32_BIT_CONVERSION = YES;
				GCC_WARN_ABOUT_RETURN_TYPE = YES_ERROR;
				GCC_WARN_UNDECLARED_SELECTOR = YES;
				GCC_WARN_UNINITIALIZED_AUTOS = YES_AGGRESSIVE;
				GCC_WARN_UNUSED_FUNCTION = YES;
				GCC_WARN_UNUSED_VARIABLE = YES;
				IPHONEOS_DEPLOYMENT_TARGET = 6.0;
				ONLY_ACTIVE_ARCH = YES;
				SDKROOT = iphoneos;
			};
			name = Debug;
		};
		7F86050419906D4500A073B8 /* Release */ = {
			isa = XCBuildConfiguration;
			buildSettings = {
				ALWAYS_SEARCH_USER_PATHS = NO;
				CLANG_CXX_LANGUAGE_STANDARD = "gnu++0x";
				CLANG_CXX_LIBRARY = "libc++";
				CLANG_ENABLE_MODULES = YES;
				CLANG_ENABLE_OBJC_ARC = YES;
				CLANG_WARN_BOOL_CONVERSION = YES;
				CLANG_WARN_CONSTANT_CONVERSION = YES;
				CLANG_WARN_DIRECT_OBJC_ISA_USAGE = YES_ERROR;
				CLANG_WARN_EMPTY_BODY = YES;
				CLANG_WARN_ENUM_CONVERSION = YES;
				CLANG_WARN_INT_CONVERSION = YES;
				CLANG_WARN_OBJC_ROOT_CLASS = YES_ERROR;
				CLANG_WARN__DUPLICATE_METHOD_MATCH = YES;
				"CODE_SIGN_IDENTITY[sdk=iphoneos*]" = "iPhone Developer";
				COPY_PHASE_STRIP = YES;
				ENABLE_NS_ASSERTIONS = NO;
				GCC_C_LANGUAGE_STANDARD = gnu99;
				GCC_WARN_64_TO_32_BIT_CONVERSION = YES;
				GCC_WARN_ABOUT_RETURN_TYPE = YES_ERROR;
				GCC_WARN_UNDECLARED_SELECTOR = YES;
				GCC_WARN_UNINITIALIZED_AUTOS = YES_AGGRESSIVE;
				GCC_WARN_UNUSED_FUNCTION = YES;
				GCC_WARN_UNUSED_VARIABLE = YES;
				IPHONEOS_DEPLOYMENT_TARGET = 6.0;
				SDKROOT = iphoneos;
				VALIDATE_PRODUCT = YES;
			};
			name = Release;
		};
		7F86050619906D4500A073B8 /* Debug */ = {
			isa = XCBuildConfiguration;
			buildSettings = {
				ASSETCATALOG_COMPILER_APPICON_NAME = AppIcon;
				ASSETCATALOG_COMPILER_LAUNCHIMAGE_NAME = LaunchImage;
				GCC_PRECOMPILE_PREFIX_HEADER = YES;
				GCC_PREFIX_HEADER = "StoreBoardDemo/StoreBoardDemo-Prefix.pch";
				INFOPLIST_FILE = "StoreBoardDemo/StoreBoardDemo-Info.plist";
				IPHONEOS_DEPLOYMENT_TARGET = 6.0;
				PRODUCT_NAME = "$(TARGET_NAME)";
				WRAPPER_EXTENSION = app;
			};
			name = Debug;
		};
		7F86050719906D4500A073B8 /* Release */ = {
			isa = XCBuildConfiguration;
			buildSettings = {
				ASSETCATALOG_COMPILER_APPICON_NAME = AppIcon;
				ASSETCATALOG_COMPILER_LAUNCHIMAGE_NAME = LaunchImage;
				GCC_PRECOMPILE_PREFIX_HEADER = YES;
				GCC_PREFIX_HEADER = "StoreBoardDemo/StoreBoardDemo-Prefix.pch";
				INFOPLIST_FILE = "StoreBoardDemo/StoreBoardDemo-Info.plist";
				IPHONEOS_DEPLOYMENT_TARGET = 6.0;
				PRODUCT_NAME = "$(TARGET_NAME)";
				WRAPPER_EXTENSION = app;
			};
			name = Release;
		};
		7F86050919906D4500A073B8 /* Debug */ = {
			isa = XCBuildConfiguration;
			buildSettings = {
				BUNDLE_LOADER = "$(BUILT_PRODUCTS_DIR)/StoreBoardDemo.app/StoreBoardDemo";
				FRAMEWORK_SEARCH_PATHS = (
					"$(SDKROOT)/Developer/Library/Frameworks",
					"$(inherited)",
					"$(DEVELOPER_FRAMEWORKS_DIR)",
				);
				GCC_PRECOMPILE_PREFIX_HEADER = YES;
				GCC_PREFIX_HEADER = "StoreBoardDemo/StoreBoardDemo-Prefix.pch";
				GCC_PREPROCESSOR_DEFINITIONS = (
					"DEBUG=1",
					"$(inherited)",
				);
				INFOPLIST_FILE = "StoreBoardDemoTests/StoreBoardDemoTests-Info.plist";
				PRODUCT_NAME = "$(TARGET_NAME)";
				TEST_HOST = "$(BUNDLE_LOADER)";
				WRAPPER_EXTENSION = xctest;
			};
			name = Debug;
		};
		7F86050A19906D4500A073B8 /* Release */ = {
			isa = XCBuildConfiguration;
			buildSettings = {
				BUNDLE_LOADER = "$(BUILT_PRODUCTS_DIR)/StoreBoardDemo.app/StoreBoardDemo";
				FRAMEWORK_SEARCH_PATHS = (
					"$(SDKROOT)/Developer/Library/Frameworks",
					"$(inherited)",
					"$(DEVELOPER_FRAMEWORKS_DIR)",
				);
				GCC_PRECOMPILE_PREFIX_HEADER = YES;
				GCC_PREFIX_HEADER = "StoreBoardDemo/StoreBoardDemo-Prefix.pch";
				INFOPLIST_FILE = "StoreBoardDemoTests/StoreBoardDemoTests-Info.plist";
				PRODUCT_NAME = "$(TARGET_NAME)";
				TEST_HOST = "$(BUNDLE_LOADER)";
				WRAPPER_EXTENSION = xctest;
			};
			name = Release;
		};
/* End XCBuildConfiguration section */

/* Begin XCConfigurationList section */
		7F8604CE19906D4500A073B8 /* Build configuration list for PBXProject "StoreBoardDemo" */ = {
			isa = XCConfigurationList;
			buildConfigurations = (
				7F86050319906D4500A073B8 /* Debug */,
				7F86050419906D4500A073B8 /* Release */,
			);
			defaultConfigurationIsVisible = 0;
			defaultConfigurationName = Release;
		};
		7F86050519906D4500A073B8 /* Build configuration list for PBXNativeTarget "StoreBoardDemo" */ = {
			isa = XCConfigurationList;
			buildConfigurations = (
				7F86050619906D4500A073B8 /* Debug */,
				7F86050719906D4500A073B8 /* Release */,
			);
			defaultConfigurationIsVisible = 0;
			defaultConfigurationName = Release;
		};
		7F86050819906D4500A073B8 /* Build configuration list for PBXNativeTarget "StoreBoardDemoTests" */ = {
			isa = XCConfigurationList;
			buildConfigurations = (
				7F86050919906D4500A073B8 /* Debug */,
				7F86050A19906D4500A073B8 /* Release */,
			);
			defaultConfigurationIsVisible = 0;
			defaultConfigurationName = Release;
		};
/* End XCConfigurationList section */
	};
	rootObject = 7F8604CB19906D4500A073B8 /* Project object */;
}
